
Microsoft Visual Studio Solution File, Format Version 12.00
# Visual Studio 15
VisualStudioVersion = 15.0.27428.2002
MinimumVisualStudioVersion = 10.0.40219.1
Project("{FAE04EC0-301F-11D3-BF4B-00C04F79EFBC}") = "WebApplication1", "WebApplication1\WebApplication1.csproj", "{A76FBB87-CF70-404B-ADF7-FE7B306F5143}"
EndProject
Global
	GlobalSection(SolutionConfigurationPlatforms) = preSolution
		Debug|Any CPU = Debug|Any CPU
		Release|Any CPU = Release|Any CPU
	EndGlobalSection
	GlobalSection(ProjectConfigurationPlatforms) = postSolution
		{A76FBB87-CF70-404B-ADF7-FE7B306F5143}.Debug|Any CPU.ActiveCfg = Debug|Any CPU
		{A76FBB87-CF70-404B-ADF7-FE7B306F5143}.Debug|Any CPU.Build.0 = Debug|Any CPU
		{A76FBB87-CF70-404B-ADF7-FE7B306F5143}.Release|Any CPU.ActiveCfg = Release|Any CPU
		{A76FBB87-CF70-404B-ADF7-FE7B306F5143}.Release|Any CPU.Build.0 = Release|Any CPU
	EndGlobalSection
	GlobalSection(SolutionProperties) = preSolution
		HideSolutionNode = FALSE
	EndGlobalSection
	GlobalSection(ExtensibilityGlobals) = postSolution
		SolutionGuid = {226C2246-C720-444D-92BE-0E1203E641D6}
	EndGlobalSection
EndGlobal
