
Microsoft Visual Studio Solution File, Format Version 12.00
# Visual Studio 15
VisualStudioVersion = 15.0.27703.2042
MinimumVisualStudioVersion = 10.0.40219.1
Project("{FAE04EC0-301F-11D3-BF4B-00C04F79EFBC}") = "WebApplication3", "WebApplication3\WebApplication3.csproj", "{A8E2626D-F744-4A27-B94F-BE97066617A3}"
EndProject
Global
	GlobalSection(SolutionConfigurationPlatforms) = preSolution
		Debug|Any CPU = Debug|Any CPU
		Release|Any CPU = Release|Any CPU
	EndGlobalSection
	GlobalSection(ProjectConfigurationPlatforms) = postSolution
		{A8E2626D-F744-4A27-B94F-BE97066617A3}.Debug|Any CPU.ActiveCfg = Debug|Any CPU
		{A8E2626D-F744-4A27-B94F-BE97066617A3}.Debug|Any CPU.Build.0 = Debug|Any CPU
		{A8E2626D-F744-4A27-B94F-BE97066617A3}.Release|Any CPU.ActiveCfg = Release|Any CPU
		{A8E2626D-F744-4A27-B94F-BE97066617A3}.Release|Any CPU.Build.0 = Release|Any CPU
	EndGlobalSection
	GlobalSection(SolutionProperties) = preSolution
		HideSolutionNode = FALSE
	EndGlobalSection
	GlobalSection(ExtensibilityGlobals) = postSolution
		SolutionGuid = {3A81D59A-8AC5-4382-92D3-E4F70CD07027}
	EndGlobalSection
EndGlobal
