
Microsoft Visual Studio Solution File, Format Version 12.00
# Visual Studio 15
VisualStudioVersion = 15.0.27428.2002
MinimumVisualStudioVersion = 10.0.40219.1
Project("{FAE04EC0-301F-11D3-BF4B-00C04F79EFBC}") = "Simple-Calculations", "Simple-Calculations\Simple-Calculations.csproj", "{BB8D4FF4-4383-4335-AAD9-DEC074AF5027}"
EndProject
Project("{FAE04EC0-301F-11D3-BF4B-00C04F79EFBC}") = "ConsoleApp1", "ConsoleApp1\ConsoleApp1.csproj", "{B7095806-70E8-4618-8BC3-177E690C2893}"
EndProject
Project("{FAE04EC0-301F-11D3-BF4B-00C04F79EFBC}") = "ConsoleApp2", "ConsoleApp2\ConsoleApp2.csproj", "{6E25BFC9-3FBD-4465-851D-E4156147B684}"
EndProject
Project("{FAE04EC0-301F-11D3-BF4B-00C04F79EFBC}") = "IchToSm", "ConsoleApp3\IchToSm.csproj", "{295FC2F3-FECD-4A32-8610-07EA8502FEA1}"
EndProject
Project("{FAE04EC0-301F-11D3-BF4B-00C04F79EFBC}") = "GreetingByName", "ConsoleApp4\GreetingByName.csproj", "{558741A1-98A1-4600-902A-5B1EC2428401}"
EndProject
Project("{FAE04EC0-301F-11D3-BF4B-00C04F79EFBC}") = "TrapezS", "TrapezS\TrapezS.csproj", "{2C4F071E-CE9A-4F12-83EA-85E9EC2BAE5E}"
EndProject
Project("{FAE04EC0-301F-11D3-BF4B-00C04F79EFBC}") = "CircleAreaAndPerimeter", "ConsoleApp5\CircleAreaAndPerimeter.csproj", "{78BF49D7-2292-4C96-9356-01641A5197FE}"
EndProject
Project("{FAE04EC0-301F-11D3-BF4B-00C04F79EFBC}") = "RectangleS", "ConsoleApp6\RectangleS.csproj", "{C59A0309-3E68-4946-8EA1-D5E54F7A404B}"
EndProject
Project("{9A19103F-16F7-4668-BE54-9A1E7A4F7556}") = "Exam_problem2", "Exam_problem2\Exam_problem2.csproj", "{920AD3AA-B4D1-47CB-974E-ECEC88728725}"
EndProject
Project("{9A19103F-16F7-4668-BE54-9A1E7A4F7556}") = "Exam_Problem22", "Exam_Problem22\Exam_Problem22.csproj", "{BFC043D4-B6EB-4B50-8AD7-29024B5BF94B}"
EndProject
Project("{9A19103F-16F7-4668-BE54-9A1E7A4F7556}") = "ConsoleApp7", "ConsoleApp7\ConsoleApp7.csproj", "{408A4CE9-4B34-47FE-BFA4-2133C365F617}"
EndProject
Project("{9A19103F-16F7-4668-BE54-9A1E7A4F7556}") = "PF_ Retake Exam-25April2018PartII_04. MOBA Challenger", "PF_ Retake Exam-25April2018PartII_04. MOBA Challenger\PF_ Retake Exam-25April2018PartII_04. MOBA Challenger.csproj", "{4BFA6274-A9CF-42FA-BFE8-EE25C4205D1A}"
EndProject
Project("{9A19103F-16F7-4668-BE54-9A1E7A4F7556}") = "exam", "exam\exam.csproj", "{9ACF78B6-07BA-4157-96D0-5A9B46BED05B}"
EndProject
Project("{9A19103F-16F7-4668-BE54-9A1E7A4F7556}") = "Exam_Prep_4_4", "Exam_Prep_4_4\Exam_Prep_4_4.csproj", "{BB6166F7-1858-4FA2-8786-896A5E918828}"
EndProject
Project("{9A19103F-16F7-4668-BE54-9A1E7A4F7556}") = "Exam_1", "Exam_1\Exam_1.csproj", "{F2A968E5-F945-4BED-8305-2523CE8533DE}"
EndProject
Project("{9A19103F-16F7-4668-BE54-9A1E7A4F7556}") = "Exam_2", "Exam_2\Exam_2.csproj", "{3A2D6497-C184-4DB9-A499-598D104EA8A7}"
EndProject
Project("{9A19103F-16F7-4668-BE54-9A1E7A4F7556}") = "05. Array Manipulator", "05. Array Manipulator\05. Array Manipulator.csproj", "{FAAC1836-9087-4EB1-82C2-53C593B37B70}"
EndProject
Project("{9A19103F-16F7-4668-BE54-9A1E7A4F7556}") = "AndreyBilliard", "AndreyBilliard\AndreyBilliard.csproj", "{ED1E5416-F544-4BD0-992F-E64E321BD376}"
EndProject
Project("{9A19103F-16F7-4668-BE54-9A1E7A4F7556}") = "Probl01", "Probl01\Probl01.csproj", "{7E6C35AB-A73A-442E-98D1-0CE428FFCC47}"
EndProject
Project("{9A19103F-16F7-4668-BE54-9A1E7A4F7556}") = "04. Snowwhite", "04. Snowwhite\04. Snowwhite.csproj", "{E1EE2E95-2743-4F98-B7D1-3779A8C10349}"
EndProject
Project("{9A19103F-16F7-4668-BE54-9A1E7A4F7556}") = "ConsoleApp8", "ConsoleApp8\ConsoleApp8.csproj", "{4BD18551-32EC-4C19-9051-BFBB07889408}"
EndProject
Project("{9A19103F-16F7-4668-BE54-9A1E7A4F7556}") = "Regex_03", "Regex_03\Regex_03.csproj", "{044E0906-6B88-4999-91C2-714A6326742A}"
EndProject
Project("{9A19103F-16F7-4668-BE54-9A1E7A4F7556}") = "ConsoleApp9", "ConsoleApp9\ConsoleApp9.csproj", "{0A6E37E1-B2EB-4B2C-B511-439BEB7B3A5A}"
EndProject
Project("{9A19103F-16F7-4668-BE54-9A1E7A4F7556}") = "ConsoleApp10", "ConsoleApp10\ConsoleApp10.csproj", "{CEE73958-E74D-4176-B7DF-C1C01230B544}"
EndProject
Project("{9A19103F-16F7-4668-BE54-9A1E7A4F7556}") = "Exam20.06", "Exam20.06\Exam20.06.csproj", "{18F57897-F80B-4EC1-A2D3-B254B8840EE4}"
EndProject
Project("{FAE04EC0-301F-11D3-BF4B-00C04F79EFBC}") = "Test1234", "Test1234\Test1234.csproj", "{49A54426-207B-4E6B-AB78-CD2C8D5DAB8C}"
EndProject
Global
	GlobalSection(SolutionConfigurationPlatforms) = preSolution
		Debug|Any CPU = Debug|Any CPU
		Debug|ARM = Debug|ARM
		Debug|x64 = Debug|x64
		Debug|x86 = Debug|x86
		Release|Any CPU = Release|Any CPU
		Release|ARM = Release|ARM
		Release|x64 = Release|x64
		Release|x86 = Release|x86
	EndGlobalSection
	GlobalSection(ProjectConfigurationPlatforms) = postSolution
		{BB8D4FF4-4383-4335-AAD9-DEC074AF5027}.Debug|Any CPU.ActiveCfg = Debug|x86
		{BB8D4FF4-4383-4335-AAD9-DEC074AF5027}.Debug|ARM.ActiveCfg = Debug|ARM
		{BB8D4FF4-4383-4335-AAD9-DEC074AF5027}.Debug|ARM.Build.0 = Debug|ARM
		{BB8D4FF4-4383-4335-AAD9-DEC074AF5027}.Debug|ARM.Deploy.0 = Debug|ARM
		{BB8D4FF4-4383-4335-AAD9-DEC074AF5027}.Debug|x64.ActiveCfg = Debug|x64
		{BB8D4FF4-4383-4335-AAD9-DEC074AF5027}.Debug|x64.Build.0 = Debug|x64
		{BB8D4FF4-4383-4335-AAD9-DEC074AF5027}.Debug|x64.Deploy.0 = Debug|x64
		{BB8D4FF4-4383-4335-AAD9-DEC074AF5027}.Debug|x86.ActiveCfg = Debug|x86
		{BB8D4FF4-4383-4335-AAD9-DEC074AF5027}.Debug|x86.Build.0 = Debug|x86
		{BB8D4FF4-4383-4335-AAD9-DEC074AF5027}.Debug|x86.Deploy.0 = Debug|x86
		{BB8D4FF4-4383-4335-AAD9-DEC074AF5027}.Release|Any CPU.ActiveCfg = Release|x86
		{BB8D4FF4-4383-4335-AAD9-DEC074AF5027}.Release|ARM.ActiveCfg = Release|ARM
		{BB8D4FF4-4383-4335-AAD9-DEC074AF5027}.Release|ARM.Build.0 = Release|ARM
		{BB8D4FF4-4383-4335-AAD9-DEC074AF5027}.Release|ARM.Deploy.0 = Release|ARM
		{BB8D4FF4-4383-4335-AAD9-DEC074AF5027}.Release|x64.ActiveCfg = Release|x64
		{BB8D4FF4-4383-4335-AAD9-DEC074AF5027}.Release|x64.Build.0 = Release|x64
		{BB8D4FF4-4383-4335-AAD9-DEC074AF5027}.Release|x64.Deploy.0 = Release|x64
		{BB8D4FF4-4383-4335-AAD9-DEC074AF5027}.Release|x86.ActiveCfg = Release|x86
		{BB8D4FF4-4383-4335-AAD9-DEC074AF5027}.Release|x86.Build.0 = Release|x86
		{BB8D4FF4-4383-4335-AAD9-DEC074AF5027}.Release|x86.Deploy.0 = Release|x86
		{B7095806-70E8-4618-8BC3-177E690C2893}.Debug|Any CPU.ActiveCfg = Debug|Any CPU
		{B7095806-70E8-4618-8BC3-177E690C2893}.Debug|Any CPU.Build.0 = Debug|Any CPU
		{B7095806-70E8-4618-8BC3-177E690C2893}.Debug|ARM.ActiveCfg = Debug|Any CPU
		{B7095806-70E8-4618-8BC3-177E690C2893}.Debug|ARM.Build.0 = Debug|Any CPU
		{B7095806-70E8-4618-8BC3-177E690C2893}.Debug|x64.ActiveCfg = Debug|Any CPU
		{B7095806-70E8-4618-8BC3-177E690C2893}.Debug|x64.Build.0 = Debug|Any CPU
		{B7095806-70E8-4618-8BC3-177E690C2893}.Debug|x86.ActiveCfg = Debug|Any CPU
		{B7095806-70E8-4618-8BC3-177E690C2893}.Debug|x86.Build.0 = Debug|Any CPU
		{B7095806-70E8-4618-8BC3-177E690C2893}.Release|Any CPU.ActiveCfg = Release|Any CPU
		{B7095806-70E8-4618-8BC3-177E690C2893}.Release|Any CPU.Build.0 = Release|Any CPU
		{B7095806-70E8-4618-8BC3-177E690C2893}.Release|ARM.ActiveCfg = Release|Any CPU
		{B7095806-70E8-4618-8BC3-177E690C2893}.Release|ARM.Build.0 = Release|Any CPU
		{B7095806-70E8-4618-8BC3-177E690C2893}.Release|x64.ActiveCfg = Release|Any CPU
		{B7095806-70E8-4618-8BC3-177E690C2893}.Release|x64.Build.0 = Release|Any CPU
		{B7095806-70E8-4618-8BC3-177E690C2893}.Release|x86.ActiveCfg = Release|Any CPU
		{B7095806-70E8-4618-8BC3-177E690C2893}.Release|x86.Build.0 = Release|Any CPU
		{6E25BFC9-3FBD-4465-851D-E4156147B684}.Debug|Any CPU.ActiveCfg = Debug|Any CPU
		{6E25BFC9-3FBD-4465-851D-E4156147B684}.Debug|Any CPU.Build.0 = Debug|Any CPU
		{6E25BFC9-3FBD-4465-851D-E4156147B684}.Debug|ARM.ActiveCfg = Debug|Any CPU
		{6E25BFC9-3FBD-4465-851D-E4156147B684}.Debug|ARM.Build.0 = Debug|Any CPU
		{6E25BFC9-3FBD-4465-851D-E4156147B684}.Debug|x64.ActiveCfg = Debug|Any CPU
		{6E25BFC9-3FBD-4465-851D-E4156147B684}.Debug|x64.Build.0 = Debug|Any CPU
		{6E25BFC9-3FBD-4465-851D-E4156147B684}.Debug|x86.ActiveCfg = Debug|Any CPU
		{6E25BFC9-3FBD-4465-851D-E4156147B684}.Debug|x86.Build.0 = Debug|Any CPU
		{6E25BFC9-3FBD-4465-851D-E4156147B684}.Release|Any CPU.ActiveCfg = Release|Any CPU
		{6E25BFC9-3FBD-4465-851D-E4156147B684}.Release|Any CPU.Build.0 = Release|Any CPU
		{6E25BFC9-3FBD-4465-851D-E4156147B684}.Release|ARM.ActiveCfg = Release|Any CPU
		{6E25BFC9-3FBD-4465-851D-E4156147B684}.Release|ARM.Build.0 = Release|Any CPU
		{6E25BFC9-3FBD-4465-851D-E4156147B684}.Release|x64.ActiveCfg = Release|Any CPU
		{6E25BFC9-3FBD-4465-851D-E4156147B684}.Release|x64.Build.0 = Release|Any CPU
		{6E25BFC9-3FBD-4465-851D-E4156147B684}.Release|x86.ActiveCfg = Release|Any CPU
		{6E25BFC9-3FBD-4465-851D-E4156147B684}.Release|x86.Build.0 = Release|Any CPU
		{295FC2F3-FECD-4A32-8610-07EA8502FEA1}.Debug|Any CPU.ActiveCfg = Debug|Any CPU
		{295FC2F3-FECD-4A32-8610-07EA8502FEA1}.Debug|Any CPU.Build.0 = Debug|Any CPU
		{295FC2F3-FECD-4A32-8610-07EA8502FEA1}.Debug|ARM.ActiveCfg = Debug|Any CPU
		{295FC2F3-FECD-4A32-8610-07EA8502FEA1}.Debug|ARM.Build.0 = Debug|Any CPU
		{295FC2F3-FECD-4A32-8610-07EA8502FEA1}.Debug|x64.ActiveCfg = Debug|Any CPU
		{295FC2F3-FECD-4A32-8610-07EA8502FEA1}.Debug|x64.Build.0 = Debug|Any CPU
		{295FC2F3-FECD-4A32-8610-07EA8502FEA1}.Debug|x86.ActiveCfg = Debug|Any CPU
		{295FC2F3-FECD-4A32-8610-07EA8502FEA1}.Debug|x86.Build.0 = Debug|Any CPU
		{295FC2F3-FECD-4A32-8610-07EA8502FEA1}.Release|Any CPU.ActiveCfg = Release|Any CPU
		{295FC2F3-FECD-4A32-8610-07EA8502FEA1}.Release|Any CPU.Build.0 = Release|Any CPU
		{295FC2F3-FECD-4A32-8610-07EA8502FEA1}.Release|ARM.ActiveCfg = Release|Any CPU
		{295FC2F3-FECD-4A32-8610-07EA8502FEA1}.Release|ARM.Build.0 = Release|Any CPU
		{295FC2F3-FECD-4A32-8610-07EA8502FEA1}.Release|x64.ActiveCfg = Release|Any CPU
		{295FC2F3-FECD-4A32-8610-07EA8502FEA1}.Release|x64.Build.0 = Release|Any CPU
		{295FC2F3-FECD-4A32-8610-07EA8502FEA1}.Release|x86.ActiveCfg = Release|Any CPU
		{295FC2F3-FECD-4A32-8610-07EA8502FEA1}.Release|x86.Build.0 = Release|Any CPU
		{558741A1-98A1-4600-902A-5B1EC2428401}.Debug|Any CPU.ActiveCfg = Debug|Any CPU
		{558741A1-98A1-4600-902A-5B1EC2428401}.Debug|Any CPU.Build.0 = Debug|Any CPU
		{558741A1-98A1-4600-902A-5B1EC2428401}.Debug|ARM.ActiveCfg = Debug|Any CPU
		{558741A1-98A1-4600-902A-5B1EC2428401}.Debug|ARM.Build.0 = Debug|Any CPU
		{558741A1-98A1-4600-902A-5B1EC2428401}.Debug|x64.ActiveCfg = Debug|Any CPU
		{558741A1-98A1-4600-902A-5B1EC2428401}.Debug|x64.Build.0 = Debug|Any CPU
		{558741A1-98A1-4600-902A-5B1EC2428401}.Debug|x86.ActiveCfg = Debug|Any CPU
		{558741A1-98A1-4600-902A-5B1EC2428401}.Debug|x86.Build.0 = Debug|Any CPU
		{558741A1-98A1-4600-902A-5B1EC2428401}.Release|Any CPU.ActiveCfg = Release|Any CPU
		{558741A1-98A1-4600-902A-5B1EC2428401}.Release|Any CPU.Build.0 = Release|Any CPU
		{558741A1-98A1-4600-902A-5B1EC2428401}.Release|ARM.ActiveCfg = Release|Any CPU
		{558741A1-98A1-4600-902A-5B1EC2428401}.Release|ARM.Build.0 = Release|Any CPU
		{558741A1-98A1-4600-902A-5B1EC2428401}.Release|x64.ActiveCfg = Release|Any CPU
		{558741A1-98A1-4600-902A-5B1EC2428401}.Release|x64.Build.0 = Release|Any CPU
		{558741A1-98A1-4600-902A-5B1EC2428401}.Release|x86.ActiveCfg = Release|Any CPU
		{558741A1-98A1-4600-902A-5B1EC2428401}.Release|x86.Build.0 = Release|Any CPU
		{2C4F071E-CE9A-4F12-83EA-85E9EC2BAE5E}.Debug|Any CPU.ActiveCfg = Debug|Any CPU
		{2C4F071E-CE9A-4F12-83EA-85E9EC2BAE5E}.Debug|Any CPU.Build.0 = Debug|Any CPU
		{2C4F071E-CE9A-4F12-83EA-85E9EC2BAE5E}.Debug|ARM.ActiveCfg = Debug|Any CPU
		{2C4F071E-CE9A-4F12-83EA-85E9EC2BAE5E}.Debug|ARM.Build.0 = Debug|Any CPU
		{2C4F071E-CE9A-4F12-83EA-85E9EC2BAE5E}.Debug|x64.ActiveCfg = Debug|Any CPU
		{2C4F071E-CE9A-4F12-83EA-85E9EC2BAE5E}.Debug|x64.Build.0 = Debug|Any CPU
		{2C4F071E-CE9A-4F12-83EA-85E9EC2BAE5E}.Debug|x86.ActiveCfg = Debug|Any CPU
		{2C4F071E-CE9A-4F12-83EA-85E9EC2BAE5E}.Debug|x86.Build.0 = Debug|Any CPU
		{2C4F071E-CE9A-4F12-83EA-85E9EC2BAE5E}.Release|Any CPU.ActiveCfg = Release|Any CPU
		{2C4F071E-CE9A-4F12-83EA-85E9EC2BAE5E}.Release|Any CPU.Build.0 = Release|Any CPU
		{2C4F071E-CE9A-4F12-83EA-85E9EC2BAE5E}.Release|ARM.ActiveCfg = Release|Any CPU
		{2C4F071E-CE9A-4F12-83EA-85E9EC2BAE5E}.Release|ARM.Build.0 = Release|Any CPU
		{2C4F071E-CE9A-4F12-83EA-85E9EC2BAE5E}.Release|x64.ActiveCfg = Release|Any CPU
		{2C4F071E-CE9A-4F12-83EA-85E9EC2BAE5E}.Release|x64.Build.0 = Release|Any CPU
		{2C4F071E-CE9A-4F12-83EA-85E9EC2BAE5E}.Release|x86.ActiveCfg = Release|Any CPU
		{2C4F071E-CE9A-4F12-83EA-85E9EC2BAE5E}.Release|x86.Build.0 = Release|Any CPU
		{78BF49D7-2292-4C96-9356-01641A5197FE}.Debug|Any CPU.ActiveCfg = Debug|Any CPU
		{78BF49D7-2292-4C96-9356-01641A5197FE}.Debug|Any CPU.Build.0 = Debug|Any CPU
		{78BF49D7-2292-4C96-9356-01641A5197FE}.Debug|ARM.ActiveCfg = Debug|Any CPU
		{78BF49D7-2292-4C96-9356-01641A5197FE}.Debug|ARM.Build.0 = Debug|Any CPU
		{78BF49D7-2292-4C96-9356-01641A5197FE}.Debug|x64.ActiveCfg = Debug|Any CPU
		{78BF49D7-2292-4C96-9356-01641A5197FE}.Debug|x64.Build.0 = Debug|Any CPU
		{78BF49D7-2292-4C96-9356-01641A5197FE}.Debug|x86.ActiveCfg = Debug|Any CPU
		{78BF49D7-2292-4C96-9356-01641A5197FE}.Debug|x86.Build.0 = Debug|Any CPU
		{78BF49D7-2292-4C96-9356-01641A5197FE}.Release|Any CPU.ActiveCfg = Release|Any CPU
		{78BF49D7-2292-4C96-9356-01641A5197FE}.Release|Any CPU.Build.0 = Release|Any CPU
		{78BF49D7-2292-4C96-9356-01641A5197FE}.Release|ARM.ActiveCfg = Release|Any CPU
		{78BF49D7-2292-4C96-9356-01641A5197FE}.Release|ARM.Build.0 = Release|Any CPU
		{78BF49D7-2292-4C96-9356-01641A5197FE}.Release|x64.ActiveCfg = Release|Any CPU
		{78BF49D7-2292-4C96-9356-01641A5197FE}.Release|x64.Build.0 = Release|Any CPU
		{78BF49D7-2292-4C96-9356-01641A5197FE}.Release|x86.ActiveCfg = Release|Any CPU
		{78BF49D7-2292-4C96-9356-01641A5197FE}.Release|x86.Build.0 = Release|Any CPU
		{C59A0309-3E68-4946-8EA1-D5E54F7A404B}.Debug|Any CPU.ActiveCfg = Debug|Any CPU
		{C59A0309-3E68-4946-8EA1-D5E54F7A404B}.Debug|Any CPU.Build.0 = Debug|Any CPU
		{C59A0309-3E68-4946-8EA1-D5E54F7A404B}.Debug|ARM.ActiveCfg = Debug|Any CPU
		{C59A0309-3E68-4946-8EA1-D5E54F7A404B}.Debug|ARM.Build.0 = Debug|Any CPU
		{C59A0309-3E68-4946-8EA1-D5E54F7A404B}.Debug|x64.ActiveCfg = Debug|Any CPU
		{C59A0309-3E68-4946-8EA1-D5E54F7A404B}.Debug|x64.Build.0 = Debug|Any CPU
		{C59A0309-3E68-4946-8EA1-D5E54F7A404B}.Debug|x86.ActiveCfg = Debug|Any CPU
		{C59A0309-3E68-4946-8EA1-D5E54F7A404B}.Debug|x86.Build.0 = Debug|Any CPU
		{C59A0309-3E68-4946-8EA1-D5E54F7A404B}.Release|Any CPU.ActiveCfg = Release|Any CPU
		{C59A0309-3E68-4946-8EA1-D5E54F7A404B}.Release|Any CPU.Build.0 = Release|Any CPU
		{C59A0309-3E68-4946-8EA1-D5E54F7A404B}.Release|ARM.ActiveCfg = Release|Any CPU
		{C59A0309-3E68-4946-8EA1-D5E54F7A404B}.Release|ARM.Build.0 = Release|Any CPU
		{C59A0309-3E68-4946-8EA1-D5E54F7A404B}.Release|x64.ActiveCfg = Release|Any CPU
		{C59A0309-3E68-4946-8EA1-D5E54F7A404B}.Release|x64.Build.0 = Release|Any CPU
		{C59A0309-3E68-4946-8EA1-D5E54F7A404B}.Release|x86.ActiveCfg = Release|Any CPU
		{C59A0309-3E68-4946-8EA1-D5E54F7A404B}.Release|x86.Build.0 = Release|Any CPU
		{920AD3AA-B4D1-47CB-974E-ECEC88728725}.Debug|Any CPU.ActiveCfg = Debug|Any CPU
		{920AD3AA-B4D1-47CB-974E-ECEC88728725}.Debug|Any CPU.Build.0 = Debug|Any CPU
		{920AD3AA-B4D1-47CB-974E-ECEC88728725}.Debug|ARM.ActiveCfg = Debug|Any CPU
		{920AD3AA-B4D1-47CB-974E-ECEC88728725}.Debug|ARM.Build.0 = Debug|Any CPU
		{920AD3AA-B4D1-47CB-974E-ECEC88728725}.Debug|x64.ActiveCfg = Debug|Any CPU
		{920AD3AA-B4D1-47CB-974E-ECEC88728725}.Debug|x64.Build.0 = Debug|Any CPU
		{920AD3AA-B4D1-47CB-974E-ECEC88728725}.Debug|x86.ActiveCfg = Debug|Any CPU
		{920AD3AA-B4D1-47CB-974E-ECEC88728725}.Debug|x86.Build.0 = Debug|Any CPU
		{920AD3AA-B4D1-47CB-974E-ECEC88728725}.Release|Any CPU.ActiveCfg = Release|Any CPU
		{920AD3AA-B4D1-47CB-974E-ECEC88728725}.Release|Any CPU.Build.0 = Release|Any CPU
		{920AD3AA-B4D1-47CB-974E-ECEC88728725}.Release|ARM.ActiveCfg = Release|Any CPU
		{920AD3AA-B4D1-47CB-974E-ECEC88728725}.Release|ARM.Build.0 = Release|Any CPU
		{920AD3AA-B4D1-47CB-974E-ECEC88728725}.Release|x64.ActiveCfg = Release|Any CPU
		{920AD3AA-B4D1-47CB-974E-ECEC88728725}.Release|x64.Build.0 = Release|Any CPU
		{920AD3AA-B4D1-47CB-974E-ECEC88728725}.Release|x86.ActiveCfg = Release|Any CPU
		{920AD3AA-B4D1-47CB-974E-ECEC88728725}.Release|x86.Build.0 = Release|Any CPU
		{BFC043D4-B6EB-4B50-8AD7-29024B5BF94B}.Debug|Any CPU.ActiveCfg = Debug|Any CPU
		{BFC043D4-B6EB-4B50-8AD7-29024B5BF94B}.Debug|Any CPU.Build.0 = Debug|Any CPU
		{BFC043D4-B6EB-4B50-8AD7-29024B5BF94B}.Debug|ARM.ActiveCfg = Debug|Any CPU
		{BFC043D4-B6EB-4B50-8AD7-29024B5BF94B}.Debug|ARM.Build.0 = Debug|Any CPU
		{BFC043D4-B6EB-4B50-8AD7-29024B5BF94B}.Debug|x64.ActiveCfg = Debug|Any CPU
		{BFC043D4-B6EB-4B50-8AD7-29024B5BF94B}.Debug|x64.Build.0 = Debug|Any CPU
		{BFC043D4-B6EB-4B50-8AD7-29024B5BF94B}.Debug|x86.ActiveCfg = Debug|Any CPU
		{BFC043D4-B6EB-4B50-8AD7-29024B5BF94B}.Debug|x86.Build.0 = Debug|Any CPU
		{BFC043D4-B6EB-4B50-8AD7-29024B5BF94B}.Release|Any CPU.ActiveCfg = Release|Any CPU
		{BFC043D4-B6EB-4B50-8AD7-29024B5BF94B}.Release|Any CPU.Build.0 = Release|Any CPU
		{BFC043D4-B6EB-4B50-8AD7-29024B5BF94B}.Release|ARM.ActiveCfg = Release|Any CPU
		{BFC043D4-B6EB-4B50-8AD7-29024B5BF94B}.Release|ARM.Build.0 = Release|Any CPU
		{BFC043D4-B6EB-4B50-8AD7-29024B5BF94B}.Release|x64.ActiveCfg = Release|Any CPU
		{BFC043D4-B6EB-4B50-8AD7-29024B5BF94B}.Release|x64.Build.0 = Release|Any CPU
		{BFC043D4-B6EB-4B50-8AD7-29024B5BF94B}.Release|x86.ActiveCfg = Release|Any CPU
		{BFC043D4-B6EB-4B50-8AD7-29024B5BF94B}.Release|x86.Build.0 = Release|Any CPU
		{408A4CE9-4B34-47FE-BFA4-2133C365F617}.Debug|Any CPU.ActiveCfg = Debug|Any CPU
		{408A4CE9-4B34-47FE-BFA4-2133C365F617}.Debug|Any CPU.Build.0 = Debug|Any CPU
		{408A4CE9-4B34-47FE-BFA4-2133C365F617}.Debug|ARM.ActiveCfg = Debug|Any CPU
		{408A4CE9-4B34-47FE-BFA4-2133C365F617}.Debug|ARM.Build.0 = Debug|Any CPU
		{408A4CE9-4B34-47FE-BFA4-2133C365F617}.Debug|x64.ActiveCfg = Debug|Any CPU
		{408A4CE9-4B34-47FE-BFA4-2133C365F617}.Debug|x64.Build.0 = Debug|Any CPU
		{408A4CE9-4B34-47FE-BFA4-2133C365F617}.Debug|x86.ActiveCfg = Debug|Any CPU
		{408A4CE9-4B34-47FE-BFA4-2133C365F617}.Debug|x86.Build.0 = Debug|Any CPU
		{408A4CE9-4B34-47FE-BFA4-2133C365F617}.Release|Any CPU.ActiveCfg = Release|Any CPU
		{408A4CE9-4B34-47FE-BFA4-2133C365F617}.Release|Any CPU.Build.0 = Release|Any CPU
		{408A4CE9-4B34-47FE-BFA4-2133C365F617}.Release|ARM.ActiveCfg = Release|Any CPU
		{408A4CE9-4B34-47FE-BFA4-2133C365F617}.Release|ARM.Build.0 = Release|Any CPU
		{408A4CE9-4B34-47FE-BFA4-2133C365F617}.Release|x64.ActiveCfg = Release|Any CPU
		{408A4CE9-4B34-47FE-BFA4-2133C365F617}.Release|x64.Build.0 = Release|Any CPU
		{408A4CE9-4B34-47FE-BFA4-2133C365F617}.Release|x86.ActiveCfg = Release|Any CPU
		{408A4CE9-4B34-47FE-BFA4-2133C365F617}.Release|x86.Build.0 = Release|Any CPU
		{4BFA6274-A9CF-42FA-BFE8-EE25C4205D1A}.Debug|Any CPU.ActiveCfg = Debug|Any CPU
		{4BFA6274-A9CF-42FA-BFE8-EE25C4205D1A}.Debug|Any CPU.Build.0 = Debug|Any CPU
		{4BFA6274-A9CF-42FA-BFE8-EE25C4205D1A}.Debug|ARM.ActiveCfg = Debug|Any CPU
		{4BFA6274-A9CF-42FA-BFE8-EE25C4205D1A}.Debug|ARM.Build.0 = Debug|Any CPU
		{4BFA6274-A9CF-42FA-BFE8-EE25C4205D1A}.Debug|x64.ActiveCfg = Debug|Any CPU
		{4BFA6274-A9CF-42FA-BFE8-EE25C4205D1A}.Debug|x64.Build.0 = Debug|Any CPU
		{4BFA6274-A9CF-42FA-BFE8-EE25C4205D1A}.Debug|x86.ActiveCfg = Debug|Any CPU
		{4BFA6274-A9CF-42FA-BFE8-EE25C4205D1A}.Debug|x86.Build.0 = Debug|Any CPU
		{4BFA6274-A9CF-42FA-BFE8-EE25C4205D1A}.Release|Any CPU.ActiveCfg = Release|Any CPU
		{4BFA6274-A9CF-42FA-BFE8-EE25C4205D1A}.Release|Any CPU.Build.0 = Release|Any CPU
		{4BFA6274-A9CF-42FA-BFE8-EE25C4205D1A}.Release|ARM.ActiveCfg = Release|Any CPU
		{4BFA6274-A9CF-42FA-BFE8-EE25C4205D1A}.Release|ARM.Build.0 = Release|Any CPU
		{4BFA6274-A9CF-42FA-BFE8-EE25C4205D1A}.Release|x64.ActiveCfg = Release|Any CPU
		{4BFA6274-A9CF-42FA-BFE8-EE25C4205D1A}.Release|x64.Build.0 = Release|Any CPU
		{4BFA6274-A9CF-42FA-BFE8-EE25C4205D1A}.Release|x86.ActiveCfg = Release|Any CPU
		{4BFA6274-A9CF-42FA-BFE8-EE25C4205D1A}.Release|x86.Build.0 = Release|Any CPU
		{9ACF78B6-07BA-4157-96D0-5A9B46BED05B}.Debug|Any CPU.ActiveCfg = Debug|Any CPU
		{9ACF78B6-07BA-4157-96D0-5A9B46BED05B}.Debug|Any CPU.Build.0 = Debug|Any CPU
		{9ACF78B6-07BA-4157-96D0-5A9B46BED05B}.Debug|ARM.ActiveCfg = Debug|Any CPU
		{9ACF78B6-07BA-4157-96D0-5A9B46BED05B}.Debug|ARM.Build.0 = Debug|Any CPU
		{9ACF78B6-07BA-4157-96D0-5A9B46BED05B}.Debug|x64.ActiveCfg = Debug|Any CPU
		{9ACF78B6-07BA-4157-96D0-5A9B46BED05B}.Debug|x64.Build.0 = Debug|Any CPU
		{9ACF78B6-07BA-4157-96D0-5A9B46BED05B}.Debug|x86.ActiveCfg = Debug|Any CPU
		{9ACF78B6-07BA-4157-96D0-5A9B46BED05B}.Debug|x86.Build.0 = Debug|Any CPU
		{9ACF78B6-07BA-4157-96D0-5A9B46BED05B}.Release|Any CPU.ActiveCfg = Release|Any CPU
		{9ACF78B6-07BA-4157-96D0-5A9B46BED05B}.Release|Any CPU.Build.0 = Release|Any CPU
		{9ACF78B6-07BA-4157-96D0-5A9B46BED05B}.Release|ARM.ActiveCfg = Release|Any CPU
		{9ACF78B6-07BA-4157-96D0-5A9B46BED05B}.Release|ARM.Build.0 = Release|Any CPU
		{9ACF78B6-07BA-4157-96D0-5A9B46BED05B}.Release|x64.ActiveCfg = Release|Any CPU
		{9ACF78B6-07BA-4157-96D0-5A9B46BED05B}.Release|x64.Build.0 = Release|Any CPU
		{9ACF78B6-07BA-4157-96D0-5A9B46BED05B}.Release|x86.ActiveCfg = Release|Any CPU
		{9ACF78B6-07BA-4157-96D0-5A9B46BED05B}.Release|x86.Build.0 = Release|Any CPU
		{BB6166F7-1858-4FA2-8786-896A5E918828}.Debug|Any CPU.ActiveCfg = Debug|Any CPU
		{BB6166F7-1858-4FA2-8786-896A5E918828}.Debug|Any CPU.Build.0 = Debug|Any CPU
		{BB6166F7-1858-4FA2-8786-896A5E918828}.Debug|ARM.ActiveCfg = Debug|Any CPU
		{BB6166F7-1858-4FA2-8786-896A5E918828}.Debug|ARM.Build.0 = Debug|Any CPU
		{BB6166F7-1858-4FA2-8786-896A5E918828}.Debug|x64.ActiveCfg = Debug|Any CPU
		{BB6166F7-1858-4FA2-8786-896A5E918828}.Debug|x64.Build.0 = Debug|Any CPU
		{BB6166F7-1858-4FA2-8786-896A5E918828}.Debug|x86.ActiveCfg = Debug|Any CPU
		{BB6166F7-1858-4FA2-8786-896A5E918828}.Debug|x86.Build.0 = Debug|Any CPU
		{BB6166F7-1858-4FA2-8786-896A5E918828}.Release|Any CPU.ActiveCfg = Release|Any CPU
		{BB6166F7-1858-4FA2-8786-896A5E918828}.Release|Any CPU.Build.0 = Release|Any CPU
		{BB6166F7-1858-4FA2-8786-896A5E918828}.Release|ARM.ActiveCfg = Release|Any CPU
		{BB6166F7-1858-4FA2-8786-896A5E918828}.Release|ARM.Build.0 = Release|Any CPU
		{BB6166F7-1858-4FA2-8786-896A5E918828}.Release|x64.ActiveCfg = Release|Any CPU
		{BB6166F7-1858-4FA2-8786-896A5E918828}.Release|x64.Build.0 = Release|Any CPU
		{BB6166F7-1858-4FA2-8786-896A5E918828}.Release|x86.ActiveCfg = Release|Any CPU
		{BB6166F7-1858-4FA2-8786-896A5E918828}.Release|x86.Build.0 = Release|Any CPU
		{F2A968E5-F945-4BED-8305-2523CE8533DE}.Debug|Any CPU.ActiveCfg = Debug|Any CPU
		{F2A968E5-F945-4BED-8305-2523CE8533DE}.Debug|Any CPU.Build.0 = Debug|Any CPU
		{F2A968E5-F945-4BED-8305-2523CE8533DE}.Debug|ARM.ActiveCfg = Debug|Any CPU
		{F2A968E5-F945-4BED-8305-2523CE8533DE}.Debug|ARM.Build.0 = Debug|Any CPU
		{F2A968E5-F945-4BED-8305-2523CE8533DE}.Debug|x64.ActiveCfg = Debug|Any CPU
		{F2A968E5-F945-4BED-8305-2523CE8533DE}.Debug|x64.Build.0 = Debug|Any CPU
		{F2A968E5-F945-4BED-8305-2523CE8533DE}.Debug|x86.ActiveCfg = Debug|Any CPU
		{F2A968E5-F945-4BED-8305-2523CE8533DE}.Debug|x86.Build.0 = Debug|Any CPU
		{F2A968E5-F945-4BED-8305-2523CE8533DE}.Release|Any CPU.ActiveCfg = Release|Any CPU
		{F2A968E5-F945-4BED-8305-2523CE8533DE}.Release|Any CPU.Build.0 = Release|Any CPU
		{F2A968E5-F945-4BED-8305-2523CE8533DE}.Release|ARM.ActiveCfg = Release|Any CPU
		{F2A968E5-F945-4BED-8305-2523CE8533DE}.Release|ARM.Build.0 = Release|Any CPU
		{F2A968E5-F945-4BED-8305-2523CE8533DE}.Release|x64.ActiveCfg = Release|Any CPU
		{F2A968E5-F945-4BED-8305-2523CE8533DE}.Release|x64.Build.0 = Release|Any CPU
		{F2A968E5-F945-4BED-8305-2523CE8533DE}.Release|x86.ActiveCfg = Release|Any CPU
		{F2A968E5-F945-4BED-8305-2523CE8533DE}.Release|x86.Build.0 = Release|Any CPU
		{3A2D6497-C184-4DB9-A499-598D104EA8A7}.Debug|Any CPU.ActiveCfg = Debug|Any CPU
		{3A2D6497-C184-4DB9-A499-598D104EA8A7}.Debug|Any CPU.Build.0 = Debug|Any CPU
		{3A2D6497-C184-4DB9-A499-598D104EA8A7}.Debug|ARM.ActiveCfg = Debug|Any CPU
		{3A2D6497-C184-4DB9-A499-598D104EA8A7}.Debug|ARM.Build.0 = Debug|Any CPU
		{3A2D6497-C184-4DB9-A499-598D104EA8A7}.Debug|x64.ActiveCfg = Debug|Any CPU
		{3A2D6497-C184-4DB9-A499-598D104EA8A7}.Debug|x64.Build.0 = Debug|Any CPU
		{3A2D6497-C184-4DB9-A499-598D104EA8A7}.Debug|x86.ActiveCfg = Debug|Any CPU
		{3A2D6497-C184-4DB9-A499-598D104EA8A7}.Debug|x86.Build.0 = Debug|Any CPU
		{3A2D6497-C184-4DB9-A499-598D104EA8A7}.Release|Any CPU.ActiveCfg = Release|Any CPU
		{3A2D6497-C184-4DB9-A499-598D104EA8A7}.Release|Any CPU.Build.0 = Release|Any CPU
		{3A2D6497-C184-4DB9-A499-598D104EA8A7}.Release|ARM.ActiveCfg = Release|Any CPU
		{3A2D6497-C184-4DB9-A499-598D104EA8A7}.Release|ARM.Build.0 = Release|Any CPU
		{3A2D6497-C184-4DB9-A499-598D104EA8A7}.Release|x64.ActiveCfg = Release|Any CPU
		{3A2D6497-C184-4DB9-A499-598D104EA8A7}.Release|x64.Build.0 = Release|Any CPU
		{3A2D6497-C184-4DB9-A499-598D104EA8A7}.Release|x86.ActiveCfg = Release|Any CPU
		{3A2D6497-C184-4DB9-A499-598D104EA8A7}.Release|x86.Build.0 = Release|Any CPU
		{FAAC1836-9087-4EB1-82C2-53C593B37B70}.Debug|Any CPU.ActiveCfg = Debug|Any CPU
		{FAAC1836-9087-4EB1-82C2-53C593B37B70}.Debug|Any CPU.Build.0 = Debug|Any CPU
		{FAAC1836-9087-4EB1-82C2-53C593B37B70}.Debug|ARM.ActiveCfg = Debug|Any CPU
		{FAAC1836-9087-4EB1-82C2-53C593B37B70}.Debug|ARM.Build.0 = Debug|Any CPU
		{FAAC1836-9087-4EB1-82C2-53C593B37B70}.Debug|x64.ActiveCfg = Debug|Any CPU
		{FAAC1836-9087-4EB1-82C2-53C593B37B70}.Debug|x64.Build.0 = Debug|Any CPU
		{FAAC1836-9087-4EB1-82C2-53C593B37B70}.Debug|x86.ActiveCfg = Debug|Any CPU
		{FAAC1836-9087-4EB1-82C2-53C593B37B70}.Debug|x86.Build.0 = Debug|Any CPU
		{FAAC1836-9087-4EB1-82C2-53C593B37B70}.Release|Any CPU.ActiveCfg = Release|Any CPU
		{FAAC1836-9087-4EB1-82C2-53C593B37B70}.Release|Any CPU.Build.0 = Release|Any CPU
		{FAAC1836-9087-4EB1-82C2-53C593B37B70}.Release|ARM.ActiveCfg = Release|Any CPU
		{FAAC1836-9087-4EB1-82C2-53C593B37B70}.Release|ARM.Build.0 = Release|Any CPU
		{FAAC1836-9087-4EB1-82C2-53C593B37B70}.Release|x64.ActiveCfg = Release|Any CPU
		{FAAC1836-9087-4EB1-82C2-53C593B37B70}.Release|x64.Build.0 = Release|Any CPU
		{FAAC1836-9087-4EB1-82C2-53C593B37B70}.Release|x86.ActiveCfg = Release|Any CPU
		{FAAC1836-9087-4EB1-82C2-53C593B37B70}.Release|x86.Build.0 = Release|Any CPU
		{ED1E5416-F544-4BD0-992F-E64E321BD376}.Debug|Any CPU.ActiveCfg = Debug|Any CPU
		{ED1E5416-F544-4BD0-992F-E64E321BD376}.Debug|Any CPU.Build.0 = Debug|Any CPU
		{ED1E5416-F544-4BD0-992F-E64E321BD376}.Debug|ARM.ActiveCfg = Debug|Any CPU
		{ED1E5416-F544-4BD0-992F-E64E321BD376}.Debug|ARM.Build.0 = Debug|Any CPU
		{ED1E5416-F544-4BD0-992F-E64E321BD376}.Debug|x64.ActiveCfg = Debug|Any CPU
		{ED1E5416-F544-4BD0-992F-E64E321BD376}.Debug|x64.Build.0 = Debug|Any CPU
		{ED1E5416-F544-4BD0-992F-E64E321BD376}.Debug|x86.ActiveCfg = Debug|Any CPU
		{ED1E5416-F544-4BD0-992F-E64E321BD376}.Debug|x86.Build.0 = Debug|Any CPU
		{ED1E5416-F544-4BD0-992F-E64E321BD376}.Release|Any CPU.ActiveCfg = Release|Any CPU
		{ED1E5416-F544-4BD0-992F-E64E321BD376}.Release|Any CPU.Build.0 = Release|Any CPU
		{ED1E5416-F544-4BD0-992F-E64E321BD376}.Release|ARM.ActiveCfg = Release|Any CPU
		{ED1E5416-F544-4BD0-992F-E64E321BD376}.Release|ARM.Build.0 = Release|Any CPU
		{ED1E5416-F544-4BD0-992F-E64E321BD376}.Release|x64.ActiveCfg = Release|Any CPU
		{ED1E5416-F544-4BD0-992F-E64E321BD376}.Release|x64.Build.0 = Release|Any CPU
		{ED1E5416-F544-4BD0-992F-E64E321BD376}.Release|x86.ActiveCfg = Release|Any CPU
		{ED1E5416-F544-4BD0-992F-E64E321BD376}.Release|x86.Build.0 = Release|Any CPU
		{7E6C35AB-A73A-442E-98D1-0CE428FFCC47}.Debug|Any CPU.ActiveCfg = Debug|Any CPU
		{7E6C35AB-A73A-442E-98D1-0CE428FFCC47}.Debug|Any CPU.Build.0 = Debug|Any CPU
		{7E6C35AB-A73A-442E-98D1-0CE428FFCC47}.Debug|ARM.ActiveCfg = Debug|Any CPU
		{7E6C35AB-A73A-442E-98D1-0CE428FFCC47}.Debug|ARM.Build.0 = Debug|Any CPU
		{7E6C35AB-A73A-442E-98D1-0CE428FFCC47}.Debug|x64.ActiveCfg = Debug|Any CPU
		{7E6C35AB-A73A-442E-98D1-0CE428FFCC47}.Debug|x64.Build.0 = Debug|Any CPU
		{7E6C35AB-A73A-442E-98D1-0CE428FFCC47}.Debug|x86.ActiveCfg = Debug|Any CPU
		{7E6C35AB-A73A-442E-98D1-0CE428FFCC47}.Debug|x86.Build.0 = Debug|Any CPU
		{7E6C35AB-A73A-442E-98D1-0CE428FFCC47}.Release|Any CPU.ActiveCfg = Release|Any CPU
		{7E6C35AB-A73A-442E-98D1-0CE428FFCC47}.Release|Any CPU.Build.0 = Release|Any CPU
		{7E6C35AB-A73A-442E-98D1-0CE428FFCC47}.Release|ARM.ActiveCfg = Release|Any CPU
		{7E6C35AB-A73A-442E-98D1-0CE428FFCC47}.Release|ARM.Build.0 = Release|Any CPU
		{7E6C35AB-A73A-442E-98D1-0CE428FFCC47}.Release|x64.ActiveCfg = Release|Any CPU
		{7E6C35AB-A73A-442E-98D1-0CE428FFCC47}.Release|x64.Build.0 = Release|Any CPU
		{7E6C35AB-A73A-442E-98D1-0CE428FFCC47}.Release|x86.ActiveCfg = Release|Any CPU
		{7E6C35AB-A73A-442E-98D1-0CE428FFCC47}.Release|x86.Build.0 = Release|Any CPU
		{E1EE2E95-2743-4F98-B7D1-3779A8C10349}.Debug|Any CPU.ActiveCfg = Debug|Any CPU
		{E1EE2E95-2743-4F98-B7D1-3779A8C10349}.Debug|Any CPU.Build.0 = Debug|Any CPU
		{E1EE2E95-2743-4F98-B7D1-3779A8C10349}.Debug|ARM.ActiveCfg = Debug|Any CPU
		{E1EE2E95-2743-4F98-B7D1-3779A8C10349}.Debug|ARM.Build.0 = Debug|Any CPU
		{E1EE2E95-2743-4F98-B7D1-3779A8C10349}.Debug|x64.ActiveCfg = Debug|Any CPU
		{E1EE2E95-2743-4F98-B7D1-3779A8C10349}.Debug|x64.Build.0 = Debug|Any CPU
		{E1EE2E95-2743-4F98-B7D1-3779A8C10349}.Debug|x86.ActiveCfg = Debug|Any CPU
		{E1EE2E95-2743-4F98-B7D1-3779A8C10349}.Debug|x86.Build.0 = Debug|Any CPU
		{E1EE2E95-2743-4F98-B7D1-3779A8C10349}.Release|Any CPU.ActiveCfg = Release|Any CPU
		{E1EE2E95-2743-4F98-B7D1-3779A8C10349}.Release|Any CPU.Build.0 = Release|Any CPU
		{E1EE2E95-2743-4F98-B7D1-3779A8C10349}.Release|ARM.ActiveCfg = Release|Any CPU
		{E1EE2E95-2743-4F98-B7D1-3779A8C10349}.Release|ARM.Build.0 = Release|Any CPU
		{E1EE2E95-2743-4F98-B7D1-3779A8C10349}.Release|x64.ActiveCfg = Release|Any CPU
		{E1EE2E95-2743-4F98-B7D1-3779A8C10349}.Release|x64.Build.0 = Release|Any CPU
		{E1EE2E95-2743-4F98-B7D1-3779A8C10349}.Release|x86.ActiveCfg = Release|Any CPU
		{E1EE2E95-2743-4F98-B7D1-3779A8C10349}.Release|x86.Build.0 = Release|Any CPU
		{4BD18551-32EC-4C19-9051-BFBB07889408}.Debug|Any CPU.ActiveCfg = Debug|Any CPU
		{4BD18551-32EC-4C19-9051-BFBB07889408}.Debug|Any CPU.Build.0 = Debug|Any CPU
		{4BD18551-32EC-4C19-9051-BFBB07889408}.Debug|ARM.ActiveCfg = Debug|Any CPU
		{4BD18551-32EC-4C19-9051-BFBB07889408}.Debug|ARM.Build.0 = Debug|Any CPU
		{4BD18551-32EC-4C19-9051-BFBB07889408}.Debug|x64.ActiveCfg = Debug|Any CPU
		{4BD18551-32EC-4C19-9051-BFBB07889408}.Debug|x64.Build.0 = Debug|Any CPU
		{4BD18551-32EC-4C19-9051-BFBB07889408}.Debug|x86.ActiveCfg = Debug|Any CPU
		{4BD18551-32EC-4C19-9051-BFBB07889408}.Debug|x86.Build.0 = Debug|Any CPU
		{4BD18551-32EC-4C19-9051-BFBB07889408}.Release|Any CPU.ActiveCfg = Release|Any CPU
		{4BD18551-32EC-4C19-9051-BFBB07889408}.Release|Any CPU.Build.0 = Release|Any CPU
		{4BD18551-32EC-4C19-9051-BFBB07889408}.Release|ARM.ActiveCfg = Release|Any CPU
		{4BD18551-32EC-4C19-9051-BFBB07889408}.Release|ARM.Build.0 = Release|Any CPU
		{4BD18551-32EC-4C19-9051-BFBB07889408}.Release|x64.ActiveCfg = Release|Any CPU
		{4BD18551-32EC-4C19-9051-BFBB07889408}.Release|x64.Build.0 = Release|Any CPU
		{4BD18551-32EC-4C19-9051-BFBB07889408}.Release|x86.ActiveCfg = Release|Any CPU
		{4BD18551-32EC-4C19-9051-BFBB07889408}.Release|x86.Build.0 = Release|Any CPU
		{044E0906-6B88-4999-91C2-714A6326742A}.Debug|Any CPU.ActiveCfg = Debug|Any CPU
		{044E0906-6B88-4999-91C2-714A6326742A}.Debug|Any CPU.Build.0 = Debug|Any CPU
		{044E0906-6B88-4999-91C2-714A6326742A}.Debug|ARM.ActiveCfg = Debug|Any CPU
		{044E0906-6B88-4999-91C2-714A6326742A}.Debug|ARM.Build.0 = Debug|Any CPU
		{044E0906-6B88-4999-91C2-714A6326742A}.Debug|x64.ActiveCfg = Debug|Any CPU
		{044E0906-6B88-4999-91C2-714A6326742A}.Debug|x64.Build.0 = Debug|Any CPU
		{044E0906-6B88-4999-91C2-714A6326742A}.Debug|x86.ActiveCfg = Debug|Any CPU
		{044E0906-6B88-4999-91C2-714A6326742A}.Debug|x86.Build.0 = Debug|Any CPU
		{044E0906-6B88-4999-91C2-714A6326742A}.Release|Any CPU.ActiveCfg = Release|Any CPU
		{044E0906-6B88-4999-91C2-714A6326742A}.Release|Any CPU.Build.0 = Release|Any CPU
		{044E0906-6B88-4999-91C2-714A6326742A}.Release|ARM.ActiveCfg = Release|Any CPU
		{044E0906-6B88-4999-91C2-714A6326742A}.Release|ARM.Build.0 = Release|Any CPU
		{044E0906-6B88-4999-91C2-714A6326742A}.Release|x64.ActiveCfg = Release|Any CPU
		{044E0906-6B88-4999-91C2-714A6326742A}.Release|x64.Build.0 = Release|Any CPU
		{044E0906-6B88-4999-91C2-714A6326742A}.Release|x86.ActiveCfg = Release|Any CPU
		{044E0906-6B88-4999-91C2-714A6326742A}.Release|x86.Build.0 = Release|Any CPU
		{0A6E37E1-B2EB-4B2C-B511-439BEB7B3A5A}.Debug|Any CPU.ActiveCfg = Debug|Any CPU
		{0A6E37E1-B2EB-4B2C-B511-439BEB7B3A5A}.Debug|Any CPU.Build.0 = Debug|Any CPU
		{0A6E37E1-B2EB-4B2C-B511-439BEB7B3A5A}.Debug|ARM.ActiveCfg = Debug|Any CPU
		{0A6E37E1-B2EB-4B2C-B511-439BEB7B3A5A}.Debug|ARM.Build.0 = Debug|Any CPU
		{0A6E37E1-B2EB-4B2C-B511-439BEB7B3A5A}.Debug|x64.ActiveCfg = Debug|Any CPU
		{0A6E37E1-B2EB-4B2C-B511-439BEB7B3A5A}.Debug|x64.Build.0 = Debug|Any CPU
		{0A6E37E1-B2EB-4B2C-B511-439BEB7B3A5A}.Debug|x86.ActiveCfg = Debug|Any CPU
		{0A6E37E1-B2EB-4B2C-B511-439BEB7B3A5A}.Debug|x86.Build.0 = Debug|Any CPU
		{0A6E37E1-B2EB-4B2C-B511-439BEB7B3A5A}.Release|Any CPU.ActiveCfg = Release|Any CPU
		{0A6E37E1-B2EB-4B2C-B511-439BEB7B3A5A}.Release|Any CPU.Build.0 = Release|Any CPU
		{0A6E37E1-B2EB-4B2C-B511-439BEB7B3A5A}.Release|ARM.ActiveCfg = Release|Any CPU
		{0A6E37E1-B2EB-4B2C-B511-439BEB7B3A5A}.Release|ARM.Build.0 = Release|Any CPU
		{0A6E37E1-B2EB-4B2C-B511-439BEB7B3A5A}.Release|x64.ActiveCfg = Release|Any CPU
		{0A6E37E1-B2EB-4B2C-B511-439BEB7B3A5A}.Release|x64.Build.0 = Release|Any CPU
		{0A6E37E1-B2EB-4B2C-B511-439BEB7B3A5A}.Release|x86.ActiveCfg = Release|Any CPU
		{0A6E37E1-B2EB-4B2C-B511-439BEB7B3A5A}.Release|x86.Build.0 = Release|Any CPU
		{CEE73958-E74D-4176-B7DF-C1C01230B544}.Debug|Any CPU.ActiveCfg = Debug|Any CPU
		{CEE73958-E74D-4176-B7DF-C1C01230B544}.Debug|Any CPU.Build.0 = Debug|Any CPU
		{CEE73958-E74D-4176-B7DF-C1C01230B544}.Debug|ARM.ActiveCfg = Debug|Any CPU
		{CEE73958-E74D-4176-B7DF-C1C01230B544}.Debug|ARM.Build.0 = Debug|Any CPU
		{CEE73958-E74D-4176-B7DF-C1C01230B544}.Debug|x64.ActiveCfg = Debug|Any CPU
		{CEE73958-E74D-4176-B7DF-C1C01230B544}.Debug|x64.Build.0 = Debug|Any CPU
		{CEE73958-E74D-4176-B7DF-C1C01230B544}.Debug|x86.ActiveCfg = Debug|Any CPU
		{CEE73958-E74D-4176-B7DF-C1C01230B544}.Debug|x86.Build.0 = Debug|Any CPU
		{CEE73958-E74D-4176-B7DF-C1C01230B544}.Release|Any CPU.ActiveCfg = Release|Any CPU
		{CEE73958-E74D-4176-B7DF-C1C01230B544}.Release|Any CPU.Build.0 = Release|Any CPU
		{CEE73958-E74D-4176-B7DF-C1C01230B544}.Release|ARM.ActiveCfg = Release|Any CPU
		{CEE73958-E74D-4176-B7DF-C1C01230B544}.Release|ARM.Build.0 = Release|Any CPU
		{CEE73958-E74D-4176-B7DF-C1C01230B544}.Release|x64.ActiveCfg = Release|Any CPU
		{CEE73958-E74D-4176-B7DF-C1C01230B544}.Release|x64.Build.0 = Release|Any CPU
		{CEE73958-E74D-4176-B7DF-C1C01230B544}.Release|x86.ActiveCfg = Release|Any CPU
		{CEE73958-E74D-4176-B7DF-C1C01230B544}.Release|x86.Build.0 = Release|Any CPU
		{18F57897-F80B-4EC1-A2D3-B254B8840EE4}.Debug|Any CPU.ActiveCfg = Debug|Any CPU
		{18F57897-F80B-4EC1-A2D3-B254B8840EE4}.Debug|Any CPU.Build.0 = Debug|Any CPU
		{18F57897-F80B-4EC1-A2D3-B254B8840EE4}.Debug|ARM.ActiveCfg = Debug|Any CPU
		{18F57897-F80B-4EC1-A2D3-B254B8840EE4}.Debug|ARM.Build.0 = Debug|Any CPU
		{18F57897-F80B-4EC1-A2D3-B254B8840EE4}.Debug|x64.ActiveCfg = Debug|Any CPU
		{18F57897-F80B-4EC1-A2D3-B254B8840EE4}.Debug|x64.Build.0 = Debug|Any CPU
		{18F57897-F80B-4EC1-A2D3-B254B8840EE4}.Debug|x86.ActiveCfg = Debug|Any CPU
		{18F57897-F80B-4EC1-A2D3-B254B8840EE4}.Debug|x86.Build.0 = Debug|Any CPU
		{18F57897-F80B-4EC1-A2D3-B254B8840EE4}.Release|Any CPU.ActiveCfg = Release|Any CPU
		{18F57897-F80B-4EC1-A2D3-B254B8840EE4}.Release|Any CPU.Build.0 = Release|Any CPU
		{18F57897-F80B-4EC1-A2D3-B254B8840EE4}.Release|ARM.ActiveCfg = Release|Any CPU
		{18F57897-F80B-4EC1-A2D3-B254B8840EE4}.Release|ARM.Build.0 = Release|Any CPU
		{18F57897-F80B-4EC1-A2D3-B254B8840EE4}.Release|x64.ActiveCfg = Release|Any CPU
		{18F57897-F80B-4EC1-A2D3-B254B8840EE4}.Release|x64.Build.0 = Release|Any CPU
		{18F57897-F80B-4EC1-A2D3-B254B8840EE4}.Release|x86.ActiveCfg = Release|Any CPU
		{18F57897-F80B-4EC1-A2D3-B254B8840EE4}.Release|x86.Build.0 = Release|Any CPU
		{49A54426-207B-4E6B-AB78-CD2C8D5DAB8C}.Debug|Any CPU.ActiveCfg = Debug|Any CPU
		{49A54426-207B-4E6B-AB78-CD2C8D5DAB8C}.Debug|Any CPU.Build.0 = Debug|Any CPU
		{49A54426-207B-4E6B-AB78-CD2C8D5DAB8C}.Debug|ARM.ActiveCfg = Debug|Any CPU
		{49A54426-207B-4E6B-AB78-CD2C8D5DAB8C}.Debug|ARM.Build.0 = Debug|Any CPU
		{49A54426-207B-4E6B-AB78-CD2C8D5DAB8C}.Debug|x64.ActiveCfg = Debug|Any CPU
		{49A54426-207B-4E6B-AB78-CD2C8D5DAB8C}.Debug|x64.Build.0 = Debug|Any CPU
		{49A54426-207B-4E6B-AB78-CD2C8D5DAB8C}.Debug|x86.ActiveCfg = Debug|Any CPU
		{49A54426-207B-4E6B-AB78-CD2C8D5DAB8C}.Debug|x86.Build.0 = Debug|Any CPU
		{49A54426-207B-4E6B-AB78-CD2C8D5DAB8C}.Release|Any CPU.ActiveCfg = Release|Any CPU
		{49A54426-207B-4E6B-AB78-CD2C8D5DAB8C}.Release|Any CPU.Build.0 = Release|Any CPU
		{49A54426-207B-4E6B-AB78-CD2C8D5DAB8C}.Release|ARM.ActiveCfg = Release|Any CPU
		{49A54426-207B-4E6B-AB78-CD2C8D5DAB8C}.Release|ARM.Build.0 = Release|Any CPU
		{49A54426-207B-4E6B-AB78-CD2C8D5DAB8C}.Release|x64.ActiveCfg = Release|Any CPU
		{49A54426-207B-4E6B-AB78-CD2C8D5DAB8C}.Release|x64.Build.0 = Release|Any CPU
		{49A54426-207B-4E6B-AB78-CD2C8D5DAB8C}.Release|x86.ActiveCfg = Release|Any CPU
		{49A54426-207B-4E6B-AB78-CD2C8D5DAB8C}.Release|x86.Build.0 = Release|Any CPU
	EndGlobalSection
	GlobalSection(SolutionProperties) = preSolution
		HideSolutionNode = FALSE
	EndGlobalSection
	GlobalSection(ExtensibilityGlobals) = postSolution
		SolutionGuid = {C7F94AFD-C757-477A-AF04-9096CE2B0F64}
	EndGlobalSection
EndGlobal
