
Microsoft Visual Studio Solution File, Format Version 12.00
# Visual Studio 15
VisualStudioVersion = 15.0.27703.2035
MinimumVisualStudioVersion = 10.0.40219.1
Project("{FAE04EC0-301F-11D3-BF4B-00C04F79EFBC}") = "ExamProblems", "ExamProblems\ExamProblems.csproj", "{8740772A-C99F-4275-962C-6D212E16E207}"
EndProject
Project("{9A19103F-16F7-4668-BE54-9A1E7A4F7556}") = "PF_Exam_09July2017Part_1_02._Hornet_Comm", "PF_Exam_09July2017Part_1_02._Hornet_Comm\PF_Exam_09July2017Part_1_02._Hornet_Comm.csproj", "{D61ACFB4-167A-4FE4-AF08-94D702ED7CD6}"
EndProject
Project("{FAE04EC0-301F-11D3-BF4B-00C04F79EFBC}") = "FrameworkTestProject", "FrameworkTestProject\FrameworkTestProject.csproj", "{6A8EB1F5-FFEC-41C0-AA20-C78878250B28}"
EndProject
Project("{9A19103F-16F7-4668-BE54-9A1E7A4F7556}") = "PF_Exam_09July2017Part_1_03. Hornet Assault", "PF_Exam_09July2017Part_1_03. Hornet Assault\PF_Exam_09July2017Part_1_03. Hornet Assault.csproj", "{00356712-3E8B-4699-B39F-1DEE0945EFA2}"
EndProject
Project("{9A19103F-16F7-4668-BE54-9A1E7A4F7556}") = "PF_Exam_09July2017Part_1_04. Hornet Armada", "PF_Exam_09July2017Part_1_04. Hornet Armada\PF_Exam_09July2017Part_1_04. Hornet Armada.csproj", "{F1D0ED52-AE35-40EE-A551-57D848AE0714}"
EndProject
Project("{9A19103F-16F7-4668-BE54-9A1E7A4F7556}") = "PF_Exam__Exam_January 2017_01. Sino The Walker", "PF_Exam__Exam_January 2017_01. Sino The Walker\PF_Exam__Exam_January 2017_01. Sino The Walker.csproj", "{23836065-424F-40BE-940E-51E49F5E60D9}"
EndProject
Project("{9A19103F-16F7-4668-BE54-9A1E7A4F7556}") = "PF_Exam__Exam_January_2017_02. SoftUni Karaoke", "PF_Exam__Exam_January_2017_02. SoftUni Karaoke\PF_Exam__Exam_January_2017_02. SoftUni Karaoke.csproj", "{11D65217-2FCC-4F94-B77F-AD26BFE3D444}"
EndProject
Project("{9A19103F-16F7-4668-BE54-9A1E7A4F7556}") = "PF_Exam__Exam_January_2017_03. Endurance Rally", "PF_Exam__Exam_January_2017_03. Endurance Rally\PF_Exam__Exam_January_2017_03. Endurance Rally.csproj", "{35A38482-CBFD-4C1A-BBD5-F45C1B4CD126}"
EndProject
Project("{FAE04EC0-301F-11D3-BF4B-00C04F79EFBC}") = "Problem 2. AnonT", "Problem 2. AnonT\Problem 2. AnonT.csproj", "{6E8BC1B6-D1F9-4E53-AE30-017AD4C06B39}"
EndProject
Global
	GlobalSection(SolutionConfigurationPlatforms) = preSolution
		Debug|Any CPU = Debug|Any CPU
		Debug|ARM = Debug|ARM
		Debug|x64 = Debug|x64
		Debug|x86 = Debug|x86
		Release|Any CPU = Release|Any CPU
		Release|ARM = Release|ARM
		Release|x64 = Release|x64
		Release|x86 = Release|x86
	EndGlobalSection
	GlobalSection(ProjectConfigurationPlatforms) = postSolution
		{8740772A-C99F-4275-962C-6D212E16E207}.Debug|Any CPU.ActiveCfg = Debug|x86
		{8740772A-C99F-4275-962C-6D212E16E207}.Debug|ARM.ActiveCfg = Debug|ARM
		{8740772A-C99F-4275-962C-6D212E16E207}.Debug|ARM.Build.0 = Debug|ARM
		{8740772A-C99F-4275-962C-6D212E16E207}.Debug|ARM.Deploy.0 = Debug|ARM
		{8740772A-C99F-4275-962C-6D212E16E207}.Debug|x64.ActiveCfg = Debug|x64
		{8740772A-C99F-4275-962C-6D212E16E207}.Debug|x64.Build.0 = Debug|x64
		{8740772A-C99F-4275-962C-6D212E16E207}.Debug|x64.Deploy.0 = Debug|x64
		{8740772A-C99F-4275-962C-6D212E16E207}.Debug|x86.ActiveCfg = Debug|x86
		{8740772A-C99F-4275-962C-6D212E16E207}.Debug|x86.Build.0 = Debug|x86
		{8740772A-C99F-4275-962C-6D212E16E207}.Debug|x86.Deploy.0 = Debug|x86
		{8740772A-C99F-4275-962C-6D212E16E207}.Release|Any CPU.ActiveCfg = Release|x86
		{8740772A-C99F-4275-962C-6D212E16E207}.Release|ARM.ActiveCfg = Release|ARM
		{8740772A-C99F-4275-962C-6D212E16E207}.Release|ARM.Build.0 = Release|ARM
		{8740772A-C99F-4275-962C-6D212E16E207}.Release|ARM.Deploy.0 = Release|ARM
		{8740772A-C99F-4275-962C-6D212E16E207}.Release|x64.ActiveCfg = Release|x64
		{8740772A-C99F-4275-962C-6D212E16E207}.Release|x64.Build.0 = Release|x64
		{8740772A-C99F-4275-962C-6D212E16E207}.Release|x64.Deploy.0 = Release|x64
		{8740772A-C99F-4275-962C-6D212E16E207}.Release|x86.ActiveCfg = Release|x86
		{8740772A-C99F-4275-962C-6D212E16E207}.Release|x86.Build.0 = Release|x86
		{8740772A-C99F-4275-962C-6D212E16E207}.Release|x86.Deploy.0 = Release|x86
		{D61ACFB4-167A-4FE4-AF08-94D702ED7CD6}.Debug|Any CPU.ActiveCfg = Debug|Any CPU
		{D61ACFB4-167A-4FE4-AF08-94D702ED7CD6}.Debug|Any CPU.Build.0 = Debug|Any CPU
		{D61ACFB4-167A-4FE4-AF08-94D702ED7CD6}.Debug|ARM.ActiveCfg = Debug|Any CPU
		{D61ACFB4-167A-4FE4-AF08-94D702ED7CD6}.Debug|ARM.Build.0 = Debug|Any CPU
		{D61ACFB4-167A-4FE4-AF08-94D702ED7CD6}.Debug|x64.ActiveCfg = Debug|Any CPU
		{D61ACFB4-167A-4FE4-AF08-94D702ED7CD6}.Debug|x64.Build.0 = Debug|Any CPU
		{D61ACFB4-167A-4FE4-AF08-94D702ED7CD6}.Debug|x86.ActiveCfg = Debug|Any CPU
		{D61ACFB4-167A-4FE4-AF08-94D702ED7CD6}.Debug|x86.Build.0 = Debug|Any CPU
		{D61ACFB4-167A-4FE4-AF08-94D702ED7CD6}.Release|Any CPU.ActiveCfg = Release|Any CPU
		{D61ACFB4-167A-4FE4-AF08-94D702ED7CD6}.Release|Any CPU.Build.0 = Release|Any CPU
		{D61ACFB4-167A-4FE4-AF08-94D702ED7CD6}.Release|ARM.ActiveCfg = Release|Any CPU
		{D61ACFB4-167A-4FE4-AF08-94D702ED7CD6}.Release|ARM.Build.0 = Release|Any CPU
		{D61ACFB4-167A-4FE4-AF08-94D702ED7CD6}.Release|x64.ActiveCfg = Release|Any CPU
		{D61ACFB4-167A-4FE4-AF08-94D702ED7CD6}.Release|x64.Build.0 = Release|Any CPU
		{D61ACFB4-167A-4FE4-AF08-94D702ED7CD6}.Release|x86.ActiveCfg = Release|Any CPU
		{D61ACFB4-167A-4FE4-AF08-94D702ED7CD6}.Release|x86.Build.0 = Release|Any CPU
		{6A8EB1F5-FFEC-41C0-AA20-C78878250B28}.Debug|Any CPU.ActiveCfg = Debug|Any CPU
		{6A8EB1F5-FFEC-41C0-AA20-C78878250B28}.Debug|Any CPU.Build.0 = Debug|Any CPU
		{6A8EB1F5-FFEC-41C0-AA20-C78878250B28}.Debug|ARM.ActiveCfg = Debug|Any CPU
		{6A8EB1F5-FFEC-41C0-AA20-C78878250B28}.Debug|ARM.Build.0 = Debug|Any CPU
		{6A8EB1F5-FFEC-41C0-AA20-C78878250B28}.Debug|x64.ActiveCfg = Debug|Any CPU
		{6A8EB1F5-FFEC-41C0-AA20-C78878250B28}.Debug|x64.Build.0 = Debug|Any CPU
		{6A8EB1F5-FFEC-41C0-AA20-C78878250B28}.Debug|x86.ActiveCfg = Debug|Any CPU
		{6A8EB1F5-FFEC-41C0-AA20-C78878250B28}.Debug|x86.Build.0 = Debug|Any CPU
		{6A8EB1F5-FFEC-41C0-AA20-C78878250B28}.Release|Any CPU.ActiveCfg = Release|Any CPU
		{6A8EB1F5-FFEC-41C0-AA20-C78878250B28}.Release|Any CPU.Build.0 = Release|Any CPU
		{6A8EB1F5-FFEC-41C0-AA20-C78878250B28}.Release|ARM.ActiveCfg = Release|Any CPU
		{6A8EB1F5-FFEC-41C0-AA20-C78878250B28}.Release|ARM.Build.0 = Release|Any CPU
		{6A8EB1F5-FFEC-41C0-AA20-C78878250B28}.Release|x64.ActiveCfg = Release|Any CPU
		{6A8EB1F5-FFEC-41C0-AA20-C78878250B28}.Release|x64.Build.0 = Release|Any CPU
		{6A8EB1F5-FFEC-41C0-AA20-C78878250B28}.Release|x86.ActiveCfg = Release|Any CPU
		{6A8EB1F5-FFEC-41C0-AA20-C78878250B28}.Release|x86.Build.0 = Release|Any CPU
		{00356712-3E8B-4699-B39F-1DEE0945EFA2}.Debug|Any CPU.ActiveCfg = Debug|Any CPU
		{00356712-3E8B-4699-B39F-1DEE0945EFA2}.Debug|Any CPU.Build.0 = Debug|Any CPU
		{00356712-3E8B-4699-B39F-1DEE0945EFA2}.Debug|ARM.ActiveCfg = Debug|Any CPU
		{00356712-3E8B-4699-B39F-1DEE0945EFA2}.Debug|ARM.Build.0 = Debug|Any CPU
		{00356712-3E8B-4699-B39F-1DEE0945EFA2}.Debug|x64.ActiveCfg = Debug|Any CPU
		{00356712-3E8B-4699-B39F-1DEE0945EFA2}.Debug|x64.Build.0 = Debug|Any CPU
		{00356712-3E8B-4699-B39F-1DEE0945EFA2}.Debug|x86.ActiveCfg = Debug|Any CPU
		{00356712-3E8B-4699-B39F-1DEE0945EFA2}.Debug|x86.Build.0 = Debug|Any CPU
		{00356712-3E8B-4699-B39F-1DEE0945EFA2}.Release|Any CPU.ActiveCfg = Release|Any CPU
		{00356712-3E8B-4699-B39F-1DEE0945EFA2}.Release|Any CPU.Build.0 = Release|Any CPU
		{00356712-3E8B-4699-B39F-1DEE0945EFA2}.Release|ARM.ActiveCfg = Release|Any CPU
		{00356712-3E8B-4699-B39F-1DEE0945EFA2}.Release|ARM.Build.0 = Release|Any CPU
		{00356712-3E8B-4699-B39F-1DEE0945EFA2}.Release|x64.ActiveCfg = Release|Any CPU
		{00356712-3E8B-4699-B39F-1DEE0945EFA2}.Release|x64.Build.0 = Release|Any CPU
		{00356712-3E8B-4699-B39F-1DEE0945EFA2}.Release|x86.ActiveCfg = Release|Any CPU
		{00356712-3E8B-4699-B39F-1DEE0945EFA2}.Release|x86.Build.0 = Release|Any CPU
		{F1D0ED52-AE35-40EE-A551-57D848AE0714}.Debug|Any CPU.ActiveCfg = Debug|Any CPU
		{F1D0ED52-AE35-40EE-A551-57D848AE0714}.Debug|Any CPU.Build.0 = Debug|Any CPU
		{F1D0ED52-AE35-40EE-A551-57D848AE0714}.Debug|ARM.ActiveCfg = Debug|Any CPU
		{F1D0ED52-AE35-40EE-A551-57D848AE0714}.Debug|ARM.Build.0 = Debug|Any CPU
		{F1D0ED52-AE35-40EE-A551-57D848AE0714}.Debug|x64.ActiveCfg = Debug|Any CPU
		{F1D0ED52-AE35-40EE-A551-57D848AE0714}.Debug|x64.Build.0 = Debug|Any CPU
		{F1D0ED52-AE35-40EE-A551-57D848AE0714}.Debug|x86.ActiveCfg = Debug|Any CPU
		{F1D0ED52-AE35-40EE-A551-57D848AE0714}.Debug|x86.Build.0 = Debug|Any CPU
		{F1D0ED52-AE35-40EE-A551-57D848AE0714}.Release|Any CPU.ActiveCfg = Release|Any CPU
		{F1D0ED52-AE35-40EE-A551-57D848AE0714}.Release|Any CPU.Build.0 = Release|Any CPU
		{F1D0ED52-AE35-40EE-A551-57D848AE0714}.Release|ARM.ActiveCfg = Release|Any CPU
		{F1D0ED52-AE35-40EE-A551-57D848AE0714}.Release|ARM.Build.0 = Release|Any CPU
		{F1D0ED52-AE35-40EE-A551-57D848AE0714}.Release|x64.ActiveCfg = Release|Any CPU
		{F1D0ED52-AE35-40EE-A551-57D848AE0714}.Release|x64.Build.0 = Release|Any CPU
		{F1D0ED52-AE35-40EE-A551-57D848AE0714}.Release|x86.ActiveCfg = Release|Any CPU
		{F1D0ED52-AE35-40EE-A551-57D848AE0714}.Release|x86.Build.0 = Release|Any CPU
		{23836065-424F-40BE-940E-51E49F5E60D9}.Debug|Any CPU.ActiveCfg = Debug|Any CPU
		{23836065-424F-40BE-940E-51E49F5E60D9}.Debug|Any CPU.Build.0 = Debug|Any CPU
		{23836065-424F-40BE-940E-51E49F5E60D9}.Debug|ARM.ActiveCfg = Debug|Any CPU
		{23836065-424F-40BE-940E-51E49F5E60D9}.Debug|ARM.Build.0 = Debug|Any CPU
		{23836065-424F-40BE-940E-51E49F5E60D9}.Debug|x64.ActiveCfg = Debug|Any CPU
		{23836065-424F-40BE-940E-51E49F5E60D9}.Debug|x64.Build.0 = Debug|Any CPU
		{23836065-424F-40BE-940E-51E49F5E60D9}.Debug|x86.ActiveCfg = Debug|Any CPU
		{23836065-424F-40BE-940E-51E49F5E60D9}.Debug|x86.Build.0 = Debug|Any CPU
		{23836065-424F-40BE-940E-51E49F5E60D9}.Release|Any CPU.ActiveCfg = Release|Any CPU
		{23836065-424F-40BE-940E-51E49F5E60D9}.Release|Any CPU.Build.0 = Release|Any CPU
		{23836065-424F-40BE-940E-51E49F5E60D9}.Release|ARM.ActiveCfg = Release|Any CPU
		{23836065-424F-40BE-940E-51E49F5E60D9}.Release|ARM.Build.0 = Release|Any CPU
		{23836065-424F-40BE-940E-51E49F5E60D9}.Release|x64.ActiveCfg = Release|Any CPU
		{23836065-424F-40BE-940E-51E49F5E60D9}.Release|x64.Build.0 = Release|Any CPU
		{23836065-424F-40BE-940E-51E49F5E60D9}.Release|x86.ActiveCfg = Release|Any CPU
		{23836065-424F-40BE-940E-51E49F5E60D9}.Release|x86.Build.0 = Release|Any CPU
		{11D65217-2FCC-4F94-B77F-AD26BFE3D444}.Debug|Any CPU.ActiveCfg = Debug|Any CPU
		{11D65217-2FCC-4F94-B77F-AD26BFE3D444}.Debug|Any CPU.Build.0 = Debug|Any CPU
		{11D65217-2FCC-4F94-B77F-AD26BFE3D444}.Debug|ARM.ActiveCfg = Debug|Any CPU
		{11D65217-2FCC-4F94-B77F-AD26BFE3D444}.Debug|ARM.Build.0 = Debug|Any CPU
		{11D65217-2FCC-4F94-B77F-AD26BFE3D444}.Debug|x64.ActiveCfg = Debug|Any CPU
		{11D65217-2FCC-4F94-B77F-AD26BFE3D444}.Debug|x64.Build.0 = Debug|Any CPU
		{11D65217-2FCC-4F94-B77F-AD26BFE3D444}.Debug|x86.ActiveCfg = Debug|Any CPU
		{11D65217-2FCC-4F94-B77F-AD26BFE3D444}.Debug|x86.Build.0 = Debug|Any CPU
		{11D65217-2FCC-4F94-B77F-AD26BFE3D444}.Release|Any CPU.ActiveCfg = Release|Any CPU
		{11D65217-2FCC-4F94-B77F-AD26BFE3D444}.Release|Any CPU.Build.0 = Release|Any CPU
		{11D65217-2FCC-4F94-B77F-AD26BFE3D444}.Release|ARM.ActiveCfg = Release|Any CPU
		{11D65217-2FCC-4F94-B77F-AD26BFE3D444}.Release|ARM.Build.0 = Release|Any CPU
		{11D65217-2FCC-4F94-B77F-AD26BFE3D444}.Release|x64.ActiveCfg = Release|Any CPU
		{11D65217-2FCC-4F94-B77F-AD26BFE3D444}.Release|x64.Build.0 = Release|Any CPU
		{11D65217-2FCC-4F94-B77F-AD26BFE3D444}.Release|x86.ActiveCfg = Release|Any CPU
		{11D65217-2FCC-4F94-B77F-AD26BFE3D444}.Release|x86.Build.0 = Release|Any CPU
		{35A38482-CBFD-4C1A-BBD5-F45C1B4CD126}.Debug|Any CPU.ActiveCfg = Debug|Any CPU
		{35A38482-CBFD-4C1A-BBD5-F45C1B4CD126}.Debug|Any CPU.Build.0 = Debug|Any CPU
		{35A38482-CBFD-4C1A-BBD5-F45C1B4CD126}.Debug|ARM.ActiveCfg = Debug|Any CPU
		{35A38482-CBFD-4C1A-BBD5-F45C1B4CD126}.Debug|ARM.Build.0 = Debug|Any CPU
		{35A38482-CBFD-4C1A-BBD5-F45C1B4CD126}.Debug|x64.ActiveCfg = Debug|Any CPU
		{35A38482-CBFD-4C1A-BBD5-F45C1B4CD126}.Debug|x64.Build.0 = Debug|Any CPU
		{35A38482-CBFD-4C1A-BBD5-F45C1B4CD126}.Debug|x86.ActiveCfg = Debug|Any CPU
		{35A38482-CBFD-4C1A-BBD5-F45C1B4CD126}.Debug|x86.Build.0 = Debug|Any CPU
		{35A38482-CBFD-4C1A-BBD5-F45C1B4CD126}.Release|Any CPU.ActiveCfg = Release|Any CPU
		{35A38482-CBFD-4C1A-BBD5-F45C1B4CD126}.Release|Any CPU.Build.0 = Release|Any CPU
		{35A38482-CBFD-4C1A-BBD5-F45C1B4CD126}.Release|ARM.ActiveCfg = Release|Any CPU
		{35A38482-CBFD-4C1A-BBD5-F45C1B4CD126}.Release|ARM.Build.0 = Release|Any CPU
		{35A38482-CBFD-4C1A-BBD5-F45C1B4CD126}.Release|x64.ActiveCfg = Release|Any CPU
		{35A38482-CBFD-4C1A-BBD5-F45C1B4CD126}.Release|x64.Build.0 = Release|Any CPU
		{35A38482-CBFD-4C1A-BBD5-F45C1B4CD126}.Release|x86.ActiveCfg = Release|Any CPU
		{35A38482-CBFD-4C1A-BBD5-F45C1B4CD126}.Release|x86.Build.0 = Release|Any CPU
		{6E8BC1B6-D1F9-4E53-AE30-017AD4C06B39}.Debug|Any CPU.ActiveCfg = Debug|Any CPU
		{6E8BC1B6-D1F9-4E53-AE30-017AD4C06B39}.Debug|Any CPU.Build.0 = Debug|Any CPU
		{6E8BC1B6-D1F9-4E53-AE30-017AD4C06B39}.Debug|ARM.ActiveCfg = Debug|Any CPU
		{6E8BC1B6-D1F9-4E53-AE30-017AD4C06B39}.Debug|ARM.Build.0 = Debug|Any CPU
		{6E8BC1B6-D1F9-4E53-AE30-017AD4C06B39}.Debug|x64.ActiveCfg = Debug|Any CPU
		{6E8BC1B6-D1F9-4E53-AE30-017AD4C06B39}.Debug|x64.Build.0 = Debug|Any CPU
		{6E8BC1B6-D1F9-4E53-AE30-017AD4C06B39}.Debug|x86.ActiveCfg = Debug|Any CPU
		{6E8BC1B6-D1F9-4E53-AE30-017AD4C06B39}.Debug|x86.Build.0 = Debug|Any CPU
		{6E8BC1B6-D1F9-4E53-AE30-017AD4C06B39}.Release|Any CPU.ActiveCfg = Release|Any CPU
		{6E8BC1B6-D1F9-4E53-AE30-017AD4C06B39}.Release|Any CPU.Build.0 = Release|Any CPU
		{6E8BC1B6-D1F9-4E53-AE30-017AD4C06B39}.Release|ARM.ActiveCfg = Release|Any CPU
		{6E8BC1B6-D1F9-4E53-AE30-017AD4C06B39}.Release|ARM.Build.0 = Release|Any CPU
		{6E8BC1B6-D1F9-4E53-AE30-017AD4C06B39}.Release|x64.ActiveCfg = Release|Any CPU
		{6E8BC1B6-D1F9-4E53-AE30-017AD4C06B39}.Release|x64.Build.0 = Release|Any CPU
		{6E8BC1B6-D1F9-4E53-AE30-017AD4C06B39}.Release|x86.ActiveCfg = Release|Any CPU
		{6E8BC1B6-D1F9-4E53-AE30-017AD4C06B39}.Release|x86.Build.0 = Release|Any CPU
	EndGlobalSection
	GlobalSection(SolutionProperties) = preSolution
		HideSolutionNode = FALSE
	EndGlobalSection
	GlobalSection(ExtensibilityGlobals) = postSolution
		SolutionGuid = {49510982-5AF4-4394-90AF-4747722183F3}
	EndGlobalSection
EndGlobal
